
Microsoft Visual Studio Solution File, Format Version 12.00
# Visual Studio Version 17
VisualStudioVersion = 17.4.33213.308
MinimumVisualStudioVersion = 10.0.40219.1
Project("{FAE04EC0-301F-11D3-BF4B-00C04F79EFBC}") = "DEVDHCFTAPP", "DEVDHCFTAPP\DEVDHCFTAPP.csproj", "{C040569B-F0C0-469B-9445-E30EB16B4FD2}"
EndProject
Global
	GlobalSection(SolutionConfigurationPlatforms) = preSolution
		Debug|Any CPU = Debug|Any CPU
		Release|Any CPU = Release|Any CPU
	EndGlobalSection
	GlobalSection(ProjectConfigurationPlatforms) = postSolution
		{C040569B-F0C0-469B-9445-E30EB16B4FD2}.Debug|Any CPU.ActiveCfg = Debug|Any CPU
		{C040569B-F0C0-469B-9445-E30EB16B4FD2}.Debug|Any CPU.Build.0 = Debug|Any CPU
		{C040569B-F0C0-469B-9445-E30EB16B4FD2}.Release|Any CPU.ActiveCfg = Release|Any CPU
		{C040569B-F0C0-469B-9445-E30EB16B4FD2}.Release|Any CPU.Build.0 = Release|Any CPU
	EndGlobalSection
	GlobalSection(SolutionProperties) = preSolution
		HideSolutionNode = FALSE
	EndGlobalSection
	GlobalSection(ExtensibilityGlobals) = postSolution
		SolutionGuid = {80448E97-1D77-40C6-BCC6-FCDC7B71F41D}
	EndGlobalSection
EndGlobal
